
Microsoft Visual Studio Solution File, Format Version 12.00
# Visual Studio Version 16
VisualStudioVersion = 16.0.30711.63
MinimumVisualStudioVersion = 10.0.40219.1
Project("{8BC9CEB8-8B4A-11D0-8D11-00A0C91BC942}") = "4.5", "4.5\4.5.vcxproj", "{1DCE463C-0C4B-465C-AF43-4B810207C3BC}"
EndProject
Project("{8BC9CEB8-8B4A-11D0-8D11-00A0C91BC942}") = "UnitTest1", "UnitTest1\UnitTest1.vcxproj", "{1E1CF67E-00EF-4B77-868D-D87A6ECF1082}"
EndProject
Global
	GlobalSection(SolutionConfigurationPlatforms) = preSolution
		Debug|x64 = Debug|x64
		Debug|x86 = Debug|x86
		Release|x64 = Release|x64
		Release|x86 = Release|x86
	EndGlobalSection
	GlobalSection(ProjectConfigurationPlatforms) = postSolution
		{1DCE463C-0C4B-465C-AF43-4B810207C3BC}.Debug|x64.ActiveCfg = Debug|x64
		{1DCE463C-0C4B-465C-AF43-4B810207C3BC}.Debug|x64.Build.0 = Debug|x64
		{1DCE463C-0C4B-465C-AF43-4B810207C3BC}.Debug|x86.ActiveCfg = Debug|Win32
		{1DCE463C-0C4B-465C-AF43-4B810207C3BC}.Debug|x86.Build.0 = Debug|Win32
		{1DCE463C-0C4B-465C-AF43-4B810207C3BC}.Release|x64.ActiveCfg = Release|x64
		{1DCE463C-0C4B-465C-AF43-4B810207C3BC}.Release|x64.Build.0 = Release|x64
		{1DCE463C-0C4B-465C-AF43-4B810207C3BC}.Release|x86.ActiveCfg = Release|Win32
		{1DCE463C-0C4B-465C-AF43-4B810207C3BC}.Release|x86.Build.0 = Release|Win32
		{1E1CF67E-00EF-4B77-868D-D87A6ECF1082}.Debug|x64.ActiveCfg = Debug|x64
		{1E1CF67E-00EF-4B77-868D-D87A6ECF1082}.Debug|x64.Build.0 = Debug|x64
		{1E1CF67E-00EF-4B77-868D-D87A6ECF1082}.Debug|x86.ActiveCfg = Debug|Win32
		{1E1CF67E-00EF-4B77-868D-D87A6ECF1082}.Debug|x86.Build.0 = Debug|Win32
		{1E1CF67E-00EF-4B77-868D-D87A6ECF1082}.Release|x64.ActiveCfg = Release|x64
		{1E1CF67E-00EF-4B77-868D-D87A6ECF1082}.Release|x64.Build.0 = Release|x64
		{1E1CF67E-00EF-4B77-868D-D87A6ECF1082}.Release|x86.ActiveCfg = Release|Win32
		{1E1CF67E-00EF-4B77-868D-D87A6ECF1082}.Release|x86.Build.0 = Release|Win32
	EndGlobalSection
	GlobalSection(SolutionProperties) = preSolution
		HideSolutionNode = FALSE
	EndGlobalSection
	GlobalSection(ExtensibilityGlobals) = postSolution
		SolutionGuid = {2586C09A-9B78-4968-B173-59B8D63CA0D0}
	EndGlobalSection
EndGlobal
